<?xml version="1.0" encoding="utf-8"?>
<Project ToolsVersion="4.0" xmlns="http://schemas.microsoft.com/developer/msbuild/2003">
  <ItemGroup>
    <Filter Include="Source">
      <UniqueIdentifier>{1eb6034b-37d8-476b-a21d-ddc8cdf6a21e}</UniqueIdentifier>
    </Filter>
    <Filter Include="Source\SDK">
      <UniqueIdentifier>{f5113d19-f617-4324-bea5-2d386a53f2d5}</UniqueIdentifier>
    </Filter>
    <Filter Include="Source\LIB">
      <UniqueIdentifier>{de2f2b0f-1ab8-447b-a8ff-c65ac175b3ee}</UniqueIdentifier>
    </Filter>
    <Filter Include="Source\LIB\Ninja">
      <UniqueIdentifier>{8e02d19d-93f4-4535-b884-dc6deb7cce53}</UniqueIdentifier>
    </Filter>
    <Filter Include="Source\LIB\UGA">
      <UniqueIdentifier>{a4270433-9025-4d93-abb5-c858131fb70e}</UniqueIdentifier>
    </Filter>
  </ItemGroup>
  <ItemGroup>
    <ClInclude Include="source\dg_math.h">
      <Filter>Source</Filter>
    </ClInclude>
    <ClInclude Include="source\dg_math_inline.h">
      <Filter>Source</Filter>
    </ClInclude>
    <ClInclude Include="source\sdk\ninja.h">
      <Filter>Source\SDK</Filter>
    </ClInclude>
    <ClInclude Include="source\sdk\sg_xpt.h">
      <Filter>Source\SDK</Filter>
    </ClInclude>
    <ClInclude Include="source\sdk\ninjadef.h">
      <Filter>Source\SDK</Filter>
    </ClInclude>
    <ClInclude Include="source\sdk\ninjastr.h">
      <Filter>Source\SDK</Filter>
    </ClInclude>
    <ClInclude Include="source\sdk\ninjacnk.h">
      <Filter>Source\SDK</Filter>
    </ClInclude>
    <ClInclude Include="source\sdk\ninjaval.h">
      <Filter>Source\SDK</Filter>
    </ClInclude>
    <ClInclude Include="source\sdk\ninjaapi.h">
      <Filter>Source\SDK</Filter>
    </ClInclude>
    <ClInclude Include="source\sdk\ninjaptcl.h">
      <Filter>Source\SDK</Filter>
    </ClInclude>
    <ClInclude Include="source\dg_camera.h">
      <Filter>Source</Filter>
    </ClInclude>
    <ClInclude Include="source\sdk\gindows.h">
      <Filter>Source\SDK</Filter>
    </ClInclude>
    <ClInclude Include="source\dg_debug.h">
      <Filter>Source</Filter>
    </ClInclude>
    <ClInclude Include="source\dg_main.h">
      <Filter>Source</Filter>
    </ClInclude>
    <ClInclude Include="source\dg_camdebug.h">
      <Filter>Source</Filter>
    </ClInclude>
    <ClInclude Include="source\dg_printf.h">
      <Filter>Source</Filter>
    </ClInclude>
    <ClInclude Include="source\dg_mem.h">
      <Filter>Source</Filter>
    </ClInclude>
    <ClInclude Include="source\lib\uga.h">
      <Filter>Source\LIB</Filter>
    </ClInclude>
    <ClInclude Include="source\dg_camedit_neo.h">
      <Filter>Source</Filter>
    </ClInclude>
    <ClInclude Include="source\dg_char.h">
      <Filter>Source</Filter>
    </ClInclude>
    <ClInclude Include="source\sdk\ninjadir.h">
      <Filter>Source\SDK</Filter>
    </ClInclude>
    <ClInclude Include="source\dg_task.h">
      <Filter>Source</Filter>
    </ClInclude>
    <ClInclude Include="source\dg_screen.h">
      <Filter>Source</Filter>
    </ClInclude>
  </ItemGroup>
  <ItemGroup>
    <ClCompile Include="source\dg_math.c">
      <Filter>Source</Filter>
    </ClCompile>
    <ClCompile Include="source\dg_math_inline.c">
      <Filter>Source</Filter>
    </ClCompile>
    <ClCompile Include="source\dg_camera.c">
      <Filter>Source</Filter>
    </ClCompile>
  </ItemGroup>
</Project>